// !$*UTF8*$!
{
	archiveVersion = 1;
	classes = {
	};
	objectVersion = 55;
	objects = {

/* Begin PBXBuildFile section */
		09A3D3062971F20D007E7609 /* AppDelegate.swift in Sources */ = {isa = PBXBuildFile; fileRef = 09A3D3052971F20D007E7609 /* AppDelegate.swift */; };
		09A3D3082971F20D007E7609 /* SceneDelegate.swift in Sources */ = {isa = PBXBuildFile; fileRef = 09A3D3072971F20D007E7609 /* SceneDelegate.swift */; };
		09A3D30A2971F20D007E7609 /* ViewController.swift in Sources */ = {isa = PBXBuildFile; fileRef = 09A3D3092971F20D007E7609 /* ViewController.swift */; };
		09A3D30D2971F20D007E7609 /* Main.storyboard in Resources */ = {isa = PBXBuildFile; fileRef = 09A3D30B2971F20D007E7609 /* Main.storyboard */; };
		09A3D3102971F20D007E7609 /* HW22_CoreData.xcdatamodeld in Sources */ = {isa = PBXBuildFile; fileRef = 09A3D30E2971F20D007E7609 /* HW22_CoreData.xcdatamodeld */; };
		09A3D3122971F210007E7609 /* Assets.xcassets in Resources */ = {isa = PBXBuildFile; fileRef = 09A3D3112971F210007E7609 /* Assets.xcassets */; };
		09A3D3152971F210007E7609 /* LaunchScreen.storyboard in Resources */ = {isa = PBXBuildFile; fileRef = 09A3D3132971F210007E7609 /* LaunchScreen.storyboard */; };
		09A3D31E2971F512007E7609 /* SnapKit in Frameworks */ = {isa = PBXBuildFile; productRef = 09A3D31D2971F512007E7609 /* SnapKit */; };
		09A3D3222971F541007E7609 /* MainScreenPresenter.swift in Sources */ = {isa = PBXBuildFile; fileRef = 09A3D3212971F541007E7609 /* MainScreenPresenter.swift */; };
		09A3D3262971F5E3007E7609 /* Person+CoreDataClass.swift in Sources */ = {isa = PBXBuildFile; fileRef = 09A3D3242971F5E3007E7609 /* Person+CoreDataClass.swift */; };
		09A3D3272971F5E3007E7609 /* Person+CoreDataProperties.swift in Sources */ = {isa = PBXBuildFile; fileRef = 09A3D3252971F5E3007E7609 /* Person+CoreDataProperties.swift */; };
		09A3D3292971F5F7007E7609 /* Model.swift in Sources */ = {isa = PBXBuildFile; fileRef = 09A3D3282971F5F7007E7609 /* Model.swift */; };
/* End PBXBuildFile section */

/* Begin PBXFileReference section */
		09A3D3022971F20D007E7609 /* HW22-CoreData.app */ = {isa = PBXFileReference; explicitFileType = wrapper.application; includeInIndex = 0; path = "HW22-CoreData.app"; sourceTree = BUILT_PRODUCTS_DIR; };
		09A3D3052971F20D007E7609 /* AppDelegate.swift */ = {isa = PBXFileReference; lastKnownFileType = sourcecode.swift; path = AppDelegate.swift; sourceTree = "<group>"; };
		09A3D3072971F20D007E7609 /* SceneDelegate.swift */ = {isa = PBXFileReference; lastKnownFileType = sourcecode.swift; path = SceneDelegate.swift; sourceTree = "<group>"; };
		09A3D3092971F20D007E7609 /* ViewController.swift */ = {isa = PBXFileReference; lastKnownFileType = sourcecode.swift; path = ViewController.swift; sourceTree = "<group>"; };
		09A3D30C2971F20D007E7609 /* Base */ = {isa = PBXFileReference; lastKnownFileType = file.storyboard; name = Base; path = Base.lproj/Main.storyboard; sourceTree = "<group>"; };
		09A3D30F2971F20D007E7609 /* HW22_CoreData.xcdatamodel */ = {isa = PBXFileReference; lastKnownFileType = wrapper.xcdatamodel; path = HW22_CoreData.xcdatamodel; sourceTree = "<group>"; };
		09A3D3112971F210007E7609 /* Assets.xcassets */ = {isa = PBXFileReference; lastKnownFileType = folder.assetcatalog; path = Assets.xcassets; sourceTree = "<group>"; };
		09A3D3142971F210007E7609 /* Base */ = {isa = PBXFileReference; lastKnownFileType = file.storyboard; name = Base; path = Base.lproj/LaunchScreen.storyboard; sourceTree = "<group>"; };
		09A3D3162971F210007E7609 /* Info.plist */ = {isa = PBXFileReference; lastKnownFileType = text.plist.xml; path = Info.plist; sourceTree = "<group>"; };
		09A3D3212971F541007E7609 /* MainScreenPresenter.swift */ = {isa = PBXFileReference; lastKnownFileType = sourcecode.swift; path = MainScreenPresenter.swift; sourceTree = "<group>"; };
		09A3D3242971F5E3007E7609 /* Person+CoreDataClass.swift */ = {isa = PBXFileReference; lastKnownFileType = sourcecode.swift; path = "Person+CoreDataClass.swift"; sourceTree = "<group>"; };
		09A3D3252971F5E3007E7609 /* Person+CoreDataProperties.swift */ = {isa = PBXFileReference; lastKnownFileType = sourcecode.swift; path = "Person+CoreDataProperties.swift"; sourceTree = "<group>"; };
		09A3D3282971F5F7007E7609 /* Model.swift */ = {isa = PBXFileReference; lastKnownFileType = sourcecode.swift; path = Model.swift; sourceTree = "<group>"; };
/* End PBXFileReference section */

/* Begin PBXFrameworksBuildPhase section */
		09A3D2FF2971F20D007E7609 /* Frameworks */ = {
			isa = PBXFrameworksBuildPhase;
			buildActionMask = 2147483647;
			files = (
				09A3D31E2971F512007E7609 /* SnapKit in Frameworks */,
			);
			runOnlyForDeploymentPostprocessing = 0;
		};
/* End PBXFrameworksBuildPhase section */

/* Begin PBXGroup section */
		09A3D2F92971F20C007E7609 = {
			isa = PBXGroup;
			children = (
				09A3D3042971F20D007E7609 /* HW22-CoreData */,
				09A3D3032971F20D007E7609 /* Products */,
			);
			sourceTree = "<group>";
		};
		09A3D3032971F20D007E7609 /* Products */ = {
			isa = PBXGroup;
			children = (
				09A3D3022971F20D007E7609 /* HW22-CoreData.app */,
			);
			name = Products;
			sourceTree = "<group>";
		};
		09A3D3042971F20D007E7609 /* HW22-CoreData */ = {
			isa = PBXGroup;
			children = (
				09A3D31F2971F51D007E7609 /* Sources */,
				09A3D3052971F20D007E7609 /* AppDelegate.swift */,
				09A3D3072971F20D007E7609 /* SceneDelegate.swift */,
				09A3D30B2971F20D007E7609 /* Main.storyboard */,
				09A3D3112971F210007E7609 /* Assets.xcassets */,
				09A3D3132971F210007E7609 /* LaunchScreen.storyboard */,
				09A3D3162971F210007E7609 /* Info.plist */,
				09A3D30E2971F20D007E7609 /* HW22_CoreData.xcdatamodeld */,
			);
			path = "HW22-CoreData";
			sourceTree = "<group>";
		};
		09A3D31F2971F51D007E7609 /* Sources */ = {
			isa = PBXGroup;
			children = (
				09A3D3232971F588007E7609 /* Model */,
				09A3D3202971F526007E7609 /* MainScreen */,
			);
			path = Sources;
			sourceTree = "<group>";
		};
		09A3D3202971F526007E7609 /* MainScreen */ = {
			isa = PBXGroup;
			children = (
				09A3D3092971F20D007E7609 /* ViewController.swift */,
				09A3D3212971F541007E7609 /* MainScreenPresenter.swift */,
			);
			path = MainScreen;
			sourceTree = "<group>";
		};
		09A3D3232971F588007E7609 /* Model */ = {
			isa = PBXGroup;
			children = (
				09A3D3242971F5E3007E7609 /* Person+CoreDataClass.swift */,
				09A3D3252971F5E3007E7609 /* Person+CoreDataProperties.swift */,
				09A3D3282971F5F7007E7609 /* Model.swift */,
			);
			path = Model;
			sourceTree = "<group>";
		};
/* End PBXGroup section */

/* Begin PBXNativeTarget section */
		09A3D3012971F20D007E7609 /* HW22-CoreData */ = {
			isa = PBXNativeTarget;
			buildConfigurationList = 09A3D3192971F210007E7609 /* Build configuration list for PBXNativeTarget "HW22-CoreData" */;
			buildPhases = (
				09A3D2FE2971F20D007E7609 /* Sources */,
				09A3D2FF2971F20D007E7609 /* Frameworks */,
				09A3D3002971F20D007E7609 /* Resources */,
			);
			buildRules = (
			);
			dependencies = (
			);
			name = "HW22-CoreData";
			packageProductDependencies = (
				09A3D31D2971F512007E7609 /* SnapKit */,
			);
			productName = "HW22-CoreData";
			productReference = 09A3D3022971F20D007E7609 /* HW22-CoreData.app */;
			productType = "com.apple.product-type.application";
		};
/* End PBXNativeTarget section */

/* Begin PBXProject section */
		09A3D2FA2971F20C007E7609 /* Project object */ = {
			isa = PBXProject;
			attributes = {
				BuildIndependentTargetsInParallel = 1;
				LastSwiftUpdateCheck = 1340;
				LastUpgradeCheck = 1340;
				TargetAttributes = {
					09A3D3012971F20D007E7609 = {
						CreatedOnToolsVersion = 13.4;
					};
				};
			};
			buildConfigurationList = 09A3D2FD2971F20C007E7609 /* Build configuration list for PBXProject "HW22-CoreData" */;
			compatibilityVersion = "Xcode 13.0";
			developmentRegion = en;
			hasScannedForEncodings = 0;
			knownRegions = (
				en,
				Base,
			);
			mainGroup = 09A3D2F92971F20C007E7609;
			packageReferences = (
				09A3D31C2971F512007E7609 /* XCRemoteSwiftPackageReference "SnapKit" */,
			);
			productRefGroup = 09A3D3032971F20D007E7609 /* Products */;
			projectDirPath = "";
			projectRoot = "";
			targets = (
				09A3D3012971F20D007E7609 /* HW22-CoreData */,
			);
		};
/* End PBXProject section */

/* Begin PBXResourcesBuildPhase section */
		09A3D3002971F20D007E7609 /* Resources */ = {
			isa = PBXResourcesBuildPhase;
			buildActionMask = 2147483647;
			files = (
				09A3D3152971F210007E7609 /* LaunchScreen.storyboard in Resources */,
				09A3D3122971F210007E7609 /* Assets.xcassets in Resources */,
				09A3D30D2971F20D007E7609 /* Main.storyboard in Resources */,
			);
			runOnlyForDeploymentPostprocessing = 0;
		};
/* End PBXResourcesBuildPhase section */

/* Begin PBXSourcesBuildPhase section */
		09A3D2FE2971F20D007E7609 /* Sources */ = {
			isa = PBXSourcesBuildPhase;
			buildActionMask = 2147483647;
			files = (
				09A3D3272971F5E3007E7609 /* Person+CoreDataProperties.swift in Sources */,
				09A3D30A2971F20D007E7609 /* ViewController.swift in Sources */,
				09A3D3062971F20D007E7609 /* AppDelegate.swift in Sources */,
				09A3D3262971F5E3007E7609 /* Person+CoreDataClass.swift in Sources */,
				09A3D3082971F20D007E7609 /* SceneDelegate.swift in Sources */,
				09A3D3102971F20D007E7609 /* HW22_CoreData.xcdatamodeld in Sources */,
				09A3D3222971F541007E7609 /* MainScreenPresenter.swift in Sources */,
				09A3D3292971F5F7007E7609 /* Model.swift in Sources */,
			);
			runOnlyForDeploymentPostprocessing = 0;
		};
/* End PBXSourcesBuildPhase section */

/* Begin PBXVariantGroup section */
		09A3D30B2971F20D007E7609 /* Main.storyboard */ = {
			isa = PBXVariantGroup;
			children = (
				09A3D30C2971F20D007E7609 /* Base */,
			);
			name = Main.storyboard;
			sourceTree = "<group>";
		};
		09A3D3132971F210007E7609 /* LaunchScreen.storyboard */ = {
			isa = PBXVariantGroup;
			children = (
				09A3D3142971F210007E7609 /* Base */,
			);
			name = LaunchScreen.storyboard;
			sourceTree = "<group>";
		};
/* End PBXVariantGroup section */

/* Begin XCBuildConfiguration section */
		09A3D3172971F210007E7609 /* Debug */ = {
			isa = XCBuildConfiguration;
			buildSettings = {
				ALWAYS_SEARCH_USER_PATHS = NO;
				CLANG_ANALYZER_NONNULL = YES;
				CLANG_ANALYZER_NUMBER_OBJECT_CONVERSION = YES_AGGRESSIVE;
				CLANG_CXX_LANGUAGE_STANDARD = "gnu++17";
				CLANG_ENABLE_MODULES = YES;
				CLANG_ENABLE_OBJC_ARC = YES;
				CLANG_ENABLE_OBJC_WEAK = YES;
				CLANG_WARN_BLOCK_CAPTURE_AUTORELEASING = YES;
				CLANG_WARN_BOOL_CONVERSION = YES;
				CLANG_WARN_COMMA = YES;
				CLANG_WARN_CONSTANT_CONVERSION = YES;
				CLANG_WARN_DEPRECATED_OBJC_IMPLEMENTATIONS = YES;
				CLANG_WARN_DIRECT_OBJC_ISA_USAGE = YES_ERROR;
				CLANG_WARN_DOCUMENTATION_COMMENTS = YES;
				CLANG_WARN_EMPTY_BODY = YES;
				CLANG_WARN_ENUM_CONVERSION = YES;
				CLANG_WARN_INFINITE_RECURSION = YES;
				CLANG_WARN_INT_CONVERSION = YES;
				CLANG_WARN_NON_LITERAL_NULL_CONVERSION = YES;
				CLANG_WARN_OBJC_IMPLICIT_RETAIN_SELF = YES;
				CLANG_WARN_OBJC_LITERAL_CONVERSION = YES;
				CLANG_WARN_OBJC_ROOT_CLASS = YES_ERROR;
				CLANG_WARN_QUOTED_INCLUDE_IN_FRAMEWORK_HEADER = YES;
				CLANG_WARN_RANGE_LOOP_ANALYSIS = YES;
				CLANG_WARN_STRICT_PROTOTYPES = YES;
				CLANG_WARN_SUSPICIOUS_MOVE = YES;
				CLANG_WARN_UNGUARDED_AVAILABILITY = YES_AGGRESSIVE;
				CLANG_WARN_UNREACHABLE_CODE = YES;
				CLANG_WARN__DUPLICATE_METHOD_MATCH = YES;
				COPY_PHASE_STRIP = NO;
				DEBUG_INFORMATION_FORMAT = dwarf;
				ENABLE_STRICT_OBJC_MSGSEND = YES;
				ENABLE_TESTABILITY = YES;
				GCC_C_LANGUAGE_STANDARD = gnu11;
				GCC_DYNAMIC_NO_PIC = NO;
				GCC_NO_COMMON_BLOCKS = YES;
				GCC_OPTIMIZATION_LEVEL = 0;
				GCC_PREPROCESSOR_DEFINITIONS = (
					"DEBUG=1",
					"$(inherited)",
				);
				GCC_WARN_64_TO_32_BIT_CONVERSION = YES;
				GCC_WARN_ABOUT_RETURN_TYPE = YES_ERROR;
				GCC_WARN_UNDECLARED_SELECTOR = YES;
				GCC_WARN_UNINITIALIZED_AUTOS = YES_AGGRESSIVE;
				GCC_WARN_UNUSED_FUNCTION = YES;
				GCC_WARN_UNUSED_VARIABLE = YES;
				IPHONEOS_DEPLOYMENT_TARGET = 15.5;
				MTL_ENABLE_DEBUG_INFO = INCLUDE_SOURCE;
				MTL_FAST_MATH = YES;
				ONLY_ACTIVE_ARCH = YES;
				SDKROOT = iphoneos;
				SWIFT_ACTIVE_COMPILATION_CONDITIONS = DEBUG;
				SWIFT_OPTIMIZATION_LEVEL = "-Onone";
			};
			name = Debug;
		};
		09A3D3182971F210007E7609 /* Release */ = {
			isa = XCBuildConfiguration;
			buildSettings = {
				ALWAYS_SEARCH_USER_PATHS = NO;
				CLANG_ANALYZER_NONNULL = YES;
				CLANG_ANALYZER_NUMBER_OBJECT_CONVERSION = YES_AGGRESSIVE;
				CLANG_CXX_LANGUAGE_STANDARD = "gnu++17";
				CLANG_ENABLE_MODULES = YES;
				CLANG_ENABLE_OBJC_ARC = YES;
				CLANG_ENABLE_OBJC_WEAK = YES;
				CLANG_WARN_BLOCK_CAPTURE_AUTORELEASING = YES;
				CLANG_WARN_BOOL_CONVERSION = YES;
				CLANG_WARN_COMMA = YES;
				CLANG_WARN_CONSTANT_CONVERSION = YES;
				CLANG_WARN_DEPRECATED_OBJC_IMPLEMENTATIONS = YES;
				CLANG_WARN_DIRECT_OBJC_ISA_USAGE = YES_ERROR;
				CLANG_WARN_DOCUMENTATION_COMMENTS = YES;
				CLANG_WARN_EMPTY_BODY = YES;
				CLANG_WARN_ENUM_CONVERSION = YES;
				CLANG_WARN_INFINITE_RECURSION = YES;
				CLANG_WARN_INT_CONVERSION = YES;
				CLANG_WARN_NON_LITERAL_NULL_CONVERSION = YES;
				CLANG_WARN_OBJC_IMPLICIT_RETAIN_SELF = YES;
				CLANG_WARN_OBJC_LITERAL_CONVERSION = YES;
				CLANG_WARN_OBJC_ROOT_CLASS = YES_ERROR;
				CLANG_WARN_QUOTED_INCLUDE_IN_FRAMEWORK_HEADER = YES;
				CLANG_WARN_RANGE_LOOP_ANALYSIS = YES;
				CLANG_WARN_STRICT_PROTOTYPES = YES;
				CLANG_WARN_SUSPICIOUS_MOVE = YES;
				CLANG_WARN_UNGUARDED_AVAILABILITY = YES_AGGRESSIVE;
				CLANG_WARN_UNREACHABLE_CODE = YES;
				CLANG_WARN__DUPLICATE_METHOD_MATCH = YES;
				COPY_PHASE_STRIP = NO;
				DEBUG_INFORMATION_FORMAT = "dwarf-with-dsym";
				ENABLE_NS_ASSERTIONS = NO;
				ENABLE_STRICT_OBJC_MSGSEND = YES;
				GCC_C_LANGUAGE_STANDARD = gnu11;
				GCC_NO_COMMON_BLOCKS = YES;
				GCC_WARN_64_TO_32_BIT_CONVERSION = YES;
				GCC_WARN_ABOUT_RETURN_TYPE = YES_ERROR;
				GCC_WARN_UNDECLARED_SELECTOR = YES;
				GCC_WARN_UNINITIALIZED_AUTOS = YES_AGGRESSIVE;
				GCC_WARN_UNUSED_FUNCTION = YES;
				GCC_WARN_UNUSED_VARIABLE = YES;
				IPHONEOS_DEPLOYMENT_TARGET = 15.5;
				MTL_ENABLE_DEBUG_INFO = NO;
				MTL_FAST_MATH = YES;
				SDKROOT = iphoneos;
				SWIFT_COMPILATION_MODE = wholemodule;
				SWIFT_OPTIMIZATION_LEVEL = "-O";
				VALIDATE_PRODUCT = YES;
			};
			name = Release;
		};
		09A3D31A2971F210007E7609 /* Debug */ = {
			isa = XCBuildConfiguration;
			buildSettings = {
				ASSETCATALOG_COMPILER_APPICON_NAME = AppIcon;
				ASSETCATALOG_COMPILER_GLOBAL_ACCENT_COLOR_NAME = AccentColor;
				CODE_SIGN_STYLE = Automatic;
				CURRENT_PROJECT_VERSION = 1;
				DEVELOPMENT_TEAM = SR3FZ6563L;
				GENERATE_INFOPLIST_FILE = YES;
				INFOPLIST_FILE = "HW22-CoreData/Info.plist";
				INFOPLIST_KEY_UIApplicationSupportsIndirectInputEvents = YES;
				INFOPLIST_KEY_UILaunchStoryboardName = LaunchScreen;
				INFOPLIST_KEY_UIMainStoryboardFile = Main;
				INFOPLIST_KEY_UISupportedInterfaceOrientations_iPad = "UIInterfaceOrientationPortrait UIInterfaceOrientationPortraitUpsideDown UIInterfaceOrientationLandscapeLeft UIInterfaceOrientationLandscapeRight";
				INFOPLIST_KEY_UISupportedInterfaceOrientations_iPhone = "UIInterfaceOrientationPortrait UIInterfaceOrientationLandscapeLeft UIInterfaceOrientationLandscapeRight";
				LD_RUNPATH_SEARCH_PATHS = (
					"$(inherited)",
					"@executable_path/Frameworks",
				);
				MARKETING_VERSION = 1.0;
				PRODUCT_BUNDLE_IDENTIFIER = "com.my.HW22-CoreData";
				PRODUCT_NAME = "$(TARGET_NAME)";
				SWIFT_EMIT_LOC_STRINGS = YES;
				SWIFT_VERSION = 5.0;
				TARGETED_DEVICE_FAMILY = "1,2";
			};
			name = Debug;
		};
		09A3D31B2971F210007E7609 /* Release */ = {
			isa = XCBuildConfiguration;
			buildSettings = {
				ASSETCATALOG_COMPILER_APPICON_NAME = AppIcon;
				ASSETCATALOG_COMPILER_GLOBAL_ACCENT_COLOR_NAME = AccentColor;
				CODE_SIGN_STYLE = Automatic;
				CURRENT_PROJECT_VERSION = 1;
				DEVELOPMENT_TEAM = SR3FZ6563L;
				GENERATE_INFOPLIST_FILE = YES;
				INFOPLIST_FILE = "HW22-CoreData/Info.plist";
				INFOPLIST_KEY_UIApplicationSupportsIndirectInputEvents = YES;
				INFOPLIST_KEY_UILaunchStoryboardName = LaunchScreen;
				INFOPLIST_KEY_UIMainStoryboardFile = Main;
				INFOPLIST_KEY_UISupportedInterfaceOrientations_iPad = "UIInterfaceOrientationPortrait UIInterfaceOrientationPortraitUpsideDown UIInterfaceOrientationLandscapeLeft UIInterfaceOrientationLandscapeRight";
				INFOPLIST_KEY_UISupportedInterfaceOrientations_iPhone = "UIInterfaceOrientationPortrait UIInterfaceOrientationLandscapeLeft UIInterfaceOrientationLandscapeRight";
				LD_RUNPATH_SEARCH_PATHS = (
					"$(inherited)",
					"@executable_path/Frameworks",
				);
				MARKETING_VERSION = 1.0;
				PRODUCT_BUNDLE_IDENTIFIER = "com.my.HW22-CoreData";
				PRODUCT_NAME = "$(TARGET_NAME)";
				SWIFT_EMIT_LOC_STRINGS = YES;
				SWIFT_VERSION = 5.0;
				TARGETED_DEVICE_FAMILY = "1,2";
			};
			name = Release;
		};
/* End XCBuildConfiguration section */

/* Begin XCConfigurationList section */
		09A3D2FD2971F20C007E7609 /* Build configuration list for PBXProject "HW22-CoreData" */ = {
			isa = XCConfigurationList;
			buildConfigurations = (
				09A3D3172971F210007E7609 /* Debug */,
				09A3D3182971F210007E7609 /* Release */,
			);
			defaultConfigurationIsVisible = 0;
			defaultConfigurationName = Release;
		};
		09A3D3192971F210007E7609 /* Build configuration list for PBXNativeTarget "HW22-CoreData" */ = {
			isa = XCConfigurationList;
			buildConfigurations = (
				09A3D31A2971F210007E7609 /* Debug */,
				09A3D31B2971F210007E7609 /* Release */,
			);
			defaultConfigurationIsVisible = 0;
			defaultConfigurationName = Release;
		};
/* End XCConfigurationList section */

/* Begin XCRemoteSwiftPackageReference section */
		09A3D31C2971F512007E7609 /* XCRemoteSwiftPackageReference "SnapKit" */ = {
			isa = XCRemoteSwiftPackageReference;
			repositoryURL = "https://github.com/SnapKit/SnapKit.git";
			requirement = {
				branch = develop;
				kind = branch;
			};
		};
/* End XCRemoteSwiftPackageReference section */

/* Begin XCSwiftPackageProductDependency section */
		09A3D31D2971F512007E7609 /* SnapKit */ = {
			isa = XCSwiftPackageProductDependency;
			package = 09A3D31C2971F512007E7609 /* XCRemoteSwiftPackageReference "SnapKit" */;
			productName = SnapKit;
		};
/* End XCSwiftPackageProductDependency section */

/* Begin XCVersionGroup section */
		09A3D30E2971F20D007E7609 /* HW22_CoreData.xcdatamodeld */ = {
			isa = XCVersionGroup;
			children = (
				09A3D30F2971F20D007E7609 /* HW22_CoreData.xcdatamodel */,
			);
			currentVersion = 09A3D30F2971F20D007E7609 /* HW22_CoreData.xcdatamodel */;
			path = HW22_CoreData.xcdatamodeld;
			sourceTree = "<group>";
			versionGroupType = wrapper.xcdatamodel;
		};
/* End XCVersionGroup section */
	};
	rootObject = 09A3D2FA2971F20C007E7609 /* Project object */;
}
